// !$*UTF8*$!
{
	archiveVersion = 1;
	classes = {
	};
	objectVersion = 50;
	objects = {

/* Begin PBXBuildFile section */
		C4CBD59B225213E300E9EF67 /* AppDelegate.swift in Sources */ = {isa = PBXBuildFile; fileRef = C4CBD59A225213E300E9EF67 /* AppDelegate.swift */; };
		C4CBD59D225213E300E9EF67 /* ViewController.swift in Sources */ = {isa = PBXBuildFile; fileRef = C4CBD59C225213E300E9EF67 /* ViewController.swift */; };
		C4CBD5A0225213E300E9EF67 /* Main.storyboard in Resources */ = {isa = PBXBuildFile; fileRef = C4CBD59E225213E300E9EF67 /* Main.storyboard */; };
		C4CBD5A2225213E400E9EF67 /* Assets.xcassets in Resources */ = {isa = PBXBuildFile; fileRef = C4CBD5A1225213E400E9EF67 /* Assets.xcassets */; };
		C4CBD5A5225213E400E9EF67 /* LaunchScreen.storyboard in Resources */ = {isa = PBXBuildFile; fileRef = C4CBD5A3225213E400E9EF67 /* LaunchScreen.storyboard */; };
		C4CBD5B32252140F00E9EF67 /* ShareViewController.swift in Sources */ = {isa = PBXBuildFile; fileRef = C4CBD5B22252140F00E9EF67 /* ShareViewController.swift */; };
		C4CBD5B62252140F00E9EF67 /* MainInterface.storyboard in Resources */ = {isa = PBXBuildFile; fileRef = C4CBD5B42252140F00E9EF67 /* MainInterface.storyboard */; };
		C4CBD5BA2252140F00E9EF67 /* Share-Extension.appex in Embed App Extensions */ = {isa = PBXBuildFile; fileRef = C4CBD5B02252140F00E9EF67 /* Share-Extension.appex */; settings = {ATTRIBUTES = (RemoveHeadersOnCopy, ); }; };
		C4D92CB92253C4960046512F /* ImageCell.swift in Sources */ = {isa = PBXBuildFile; fileRef = C4D92CB82253C4960046512F /* ImageCell.swift */; };
/* End PBXBuildFile section */

/* Begin PBXContainerItemProxy section */
		C4CBD5B82252140F00E9EF67 /* PBXContainerItemProxy */ = {
			isa = PBXContainerItemProxy;
			containerPortal = C4CBD58F225213E300E9EF67 /* Project object */;
			proxyType = 1;
			remoteGlobalIDString = C4CBD5AF2252140F00E9EF67;
			remoteInfo = "Share-Extension";
		};
/* End PBXContainerItemProxy section */

/* Begin PBXCopyFilesBuildPhase section */
		C4CBD5BE2252140F00E9EF67 /* Embed App Extensions */ = {
			isa = PBXCopyFilesBuildPhase;
			buildActionMask = 2147483647;
			dstPath = "";
			dstSubfolderSpec = 13;
			files = (
				C4CBD5BA2252140F00E9EF67 /* Share-Extension.appex in Embed App Extensions */,
			);
			name = "Embed App Extensions";
			runOnlyForDeploymentPostprocessing = 0;
		};
/* End PBXCopyFilesBuildPhase section */

/* Begin PBXFileReference section */
		C4CBD597225213E300E9EF67 /* ShareApp.app */ = {isa = PBXFileReference; explicitFileType = wrapper.application; includeInIndex = 0; path = ShareApp.app; sourceTree = BUILT_PRODUCTS_DIR; };
		C4CBD59A225213E300E9EF67 /* AppDelegate.swift */ = {isa = PBXFileReference; lastKnownFileType = sourcecode.swift; path = AppDelegate.swift; sourceTree = "<group>"; };
		C4CBD59C225213E300E9EF67 /* ViewController.swift */ = {isa = PBXFileReference; lastKnownFileType = sourcecode.swift; path = ViewController.swift; sourceTree = "<group>"; };
		C4CBD59F225213E300E9EF67 /* Base */ = {isa = PBXFileReference; lastKnownFileType = file.storyboard; name = Base; path = Base.lproj/Main.storyboard; sourceTree = "<group>"; };
		C4CBD5A1225213E400E9EF67 /* Assets.xcassets */ = {isa = PBXFileReference; lastKnownFileType = folder.assetcatalog; path = Assets.xcassets; sourceTree = "<group>"; };
		C4CBD5A4225213E400E9EF67 /* Base */ = {isa = PBXFileReference; lastKnownFileType = file.storyboard; name = Base; path = Base.lproj/LaunchScreen.storyboard; sourceTree = "<group>"; };
		C4CBD5A6225213E400E9EF67 /* Info.plist */ = {isa = PBXFileReference; lastKnownFileType = text.plist.xml; path = Info.plist; sourceTree = "<group>"; };
		C4CBD5B02252140F00E9EF67 /* Share-Extension.appex */ = {isa = PBXFileReference; explicitFileType = "wrapper.app-extension"; includeInIndex = 0; path = "Share-Extension.appex"; sourceTree = BUILT_PRODUCTS_DIR; };
		C4CBD5B22252140F00E9EF67 /* ShareViewController.swift */ = {isa = PBXFileReference; lastKnownFileType = sourcecode.swift; path = ShareViewController.swift; sourceTree = "<group>"; };
		C4CBD5B52252140F00E9EF67 /* Base */ = {isa = PBXFileReference; lastKnownFileType = file.storyboard; name = Base; path = Base.lproj/MainInterface.storyboard; sourceTree = "<group>"; };
		C4CBD5B72252140F00E9EF67 /* Info.plist */ = {isa = PBXFileReference; lastKnownFileType = text.plist.xml; path = Info.plist; sourceTree = "<group>"; };
		C4CBD5BF2252518D00E9EF67 /* ShareApp.entitlements */ = {isa = PBXFileReference; lastKnownFileType = text.plist.entitlements; path = ShareApp.entitlements; sourceTree = "<group>"; };
		C4CBD5C0225251B800E9EF67 /* Share-Extension.entitlements */ = {isa = PBXFileReference; lastKnownFileType = text.plist.entitlements; path = "Share-Extension.entitlements"; sourceTree = "<group>"; };
		C4D92CB82253C4960046512F /* ImageCell.swift */ = {isa = PBXFileReference; lastKnownFileType = sourcecode.swift; path = ImageCell.swift; sourceTree = "<group>"; };
/* End PBXFileReference section */

/* Begin PBXFrameworksBuildPhase section */
		C4CBD594225213E300E9EF67 /* Frameworks */ = {
			isa = PBXFrameworksBuildPhase;
			buildActionMask = 2147483647;
			files = (
			);
			runOnlyForDeploymentPostprocessing = 0;
		};
		C4CBD5AD2252140F00E9EF67 /* Frameworks */ = {
			isa = PBXFrameworksBuildPhase;
			buildActionMask = 2147483647;
			files = (
			);
			runOnlyForDeploymentPostprocessing = 0;
		};
/* End PBXFrameworksBuildPhase section */

/* Begin PBXGroup section */
		C4CBD58E225213E300E9EF67 = {
			isa = PBXGroup;
			children = (
				C4CBD599225213E300E9EF67 /* ShareApp */,
				C4CBD5B12252140F00E9EF67 /* Share-Extension */,
				C4CBD598225213E300E9EF67 /* Products */,
			);
			sourceTree = "<group>";
		};
		C4CBD598225213E300E9EF67 /* Products */ = {
			isa = PBXGroup;
			children = (
				C4CBD597225213E300E9EF67 /* ShareApp.app */,
				C4CBD5B02252140F00E9EF67 /* Share-Extension.appex */,
			);
			name = Products;
			sourceTree = "<group>";
		};
		C4CBD599225213E300E9EF67 /* ShareApp */ = {
			isa = PBXGroup;
			children = (
				C4CBD5BF2252518D00E9EF67 /* ShareApp.entitlements */,
				C4CBD59A225213E300E9EF67 /* AppDelegate.swift */,
				C4CBD59C225213E300E9EF67 /* ViewController.swift */,
				C4CBD59E225213E300E9EF67 /* Main.storyboard */,
				C4CBD5A1225213E400E9EF67 /* Assets.xcassets */,
				C4CBD5A3225213E400E9EF67 /* LaunchScreen.storyboard */,
				C4CBD5A6225213E400E9EF67 /* Info.plist */,
				C4D92CB82253C4960046512F /* ImageCell.swift */,
			);
			path = ShareApp;
			sourceTree = "<group>";
		};
		C4CBD5B12252140F00E9EF67 /* Share-Extension */ = {
			isa = PBXGroup;
			children = (
				C4CBD5C0225251B800E9EF67 /* Share-Extension.entitlements */,
				C4CBD5B22252140F00E9EF67 /* ShareViewController.swift */,
				C4CBD5B42252140F00E9EF67 /* MainInterface.storyboard */,
				C4CBD5B72252140F00E9EF67 /* Info.plist */,
			);
			path = "Share-Extension";
			sourceTree = "<group>";
		};
/* End PBXGroup section */

/* Begin PBXNativeTarget section */
		C4CBD596225213E300E9EF67 /* ShareApp */ = {
			isa = PBXNativeTarget;
			buildConfigurationList = C4CBD5A9225213E400E9EF67 /* Build configuration list for PBXNativeTarget "ShareApp" */;
			buildPhases = (
				C4CBD593225213E300E9EF67 /* Sources */,
				C4CBD594225213E300E9EF67 /* Frameworks */,
				C4CBD595225213E300E9EF67 /* Resources */,
				C4CBD5BE2252140F00E9EF67 /* Embed App Extensions */,
			);
			buildRules = (
			);
			dependencies = (
				C4CBD5B92252140F00E9EF67 /* PBXTargetDependency */,
			);
			name = ShareApp;
			productName = ShareApp;
			productReference = C4CBD597225213E300E9EF67 /* ShareApp.app */;
			productType = "com.apple.product-type.application";
		};
		C4CBD5AF2252140F00E9EF67 /* Share-Extension */ = {
			isa = PBXNativeTarget;
			buildConfigurationList = C4CBD5BB2252140F00E9EF67 /* Build configuration list for PBXNativeTarget "Share-Extension" */;
			buildPhases = (
				C4CBD5AC2252140F00E9EF67 /* Sources */,
				C4CBD5AD2252140F00E9EF67 /* Frameworks */,
				C4CBD5AE2252140F00E9EF67 /* Resources */,
			);
			buildRules = (
			);
			dependencies = (
			);
			name = "Share-Extension";
			productName = "Share-Extension";
			productReference = C4CBD5B02252140F00E9EF67 /* Share-Extension.appex */;
			productType = "com.apple.product-type.app-extension";
		};
/* End PBXNativeTarget section */

/* Begin PBXProject section */
		C4CBD58F225213E300E9EF67 /* Project object */ = {
			isa = PBXProject;
			attributes = {
				LastSwiftUpdateCheck = 1010;
				LastUpgradeCheck = 1010;
				ORGANIZATIONNAME = "Dominik Rygiel";
				TargetAttributes = {
					C4CBD596225213E300E9EF67 = {
						CreatedOnToolsVersion = 10.1;
						SystemCapabilities = {
							com.apple.ApplicationGroups.iOS = {
								enabled = 1;
							};
						};
					};
					C4CBD5AF2252140F00E9EF67 = {
						CreatedOnToolsVersion = 10.1;
						SystemCapabilities = {
							com.apple.ApplicationGroups.iOS = {
								enabled = 1;
							};
						};
					};
				};
			};
			buildConfigurationList = C4CBD592225213E300E9EF67 /* Build configuration list for PBXProject "ShareApp" */;
			compatibilityVersion = "Xcode 9.3";
			developmentRegion = en;
			hasScannedForEncodings = 0;
			knownRegions = (
				en,
				Base,
			);
			mainGroup = C4CBD58E225213E300E9EF67;
			productRefGroup = C4CBD598225213E300E9EF67 /* Products */;
			projectDirPath = "";
			projectRoot = "";
			targets = (
				C4CBD596225213E300E9EF67 /* ShareApp */,
				C4CBD5AF2252140F00E9EF67 /* Share-Extension */,
			);
		};
/* End PBXProject section */

/* Begin PBXResourcesBuildPhase section */
		C4CBD595225213E300E9EF67 /* Resources */ = {
			isa = PBXResourcesBuildPhase;
			buildActionMask = 2147483647;
			files = (
				C4CBD5A5225213E400E9EF67 /* LaunchScreen.storyboard in Resources */,
				C4CBD5A2225213E400E9EF67 /* Assets.xcassets in Resources */,
				C4CBD5A0225213E300E9EF67 /* Main.storyboard in Resources */,
			);
			runOnlyForDeploymentPostprocessing = 0;
		};
		C4CBD5AE2252140F00E9EF67 /* Resources */ = {
			isa = PBXResourcesBuildPhase;
			buildActionMask = 2147483647;
			files = (
				C4CBD5B62252140F00E9EF67 /* MainInterface.storyboard in Resources */,
			);
			runOnlyForDeploymentPostprocessing = 0;
		};
/* End PBXResourcesBuildPhase section */

/* Begin PBXSourcesBuildPhase section */
		C4CBD593225213E300E9EF67 /* Sources */ = {
			isa = PBXSourcesBuildPhase;
			buildActionMask = 2147483647;
			files = (
				C4CBD59D225213E300E9EF67 /* ViewController.swift in Sources */,
				C4CBD59B225213E300E9EF67 /* AppDelegate.swift in Sources */,
				C4D92CB92253C4960046512F /* ImageCell.swift in Sources */,
			);
			runOnlyForDeploymentPostprocessing = 0;
		};
		C4CBD5AC2252140F00E9EF67 /* Sources */ = {
			isa = PBXSourcesBuildPhase;
			buildActionMask = 2147483647;
			files = (
				C4CBD5B32252140F00E9EF67 /* ShareViewController.swift in Sources */,
			);
			runOnlyForDeploymentPostprocessing = 0;
		};
/* End PBXSourcesBuildPhase section */

/* Begin PBXTargetDependency section */
		C4CBD5B92252140F00E9EF67 /* PBXTargetDependency */ = {
			isa = PBXTargetDependency;
			target = C4CBD5AF2252140F00E9EF67 /* Share-Extension */;
			targetProxy = C4CBD5B82252140F00E9EF67 /* PBXContainerItemProxy */;
		};
/* End PBXTargetDependency section */

/* Begin PBXVariantGroup section */
		C4CBD59E225213E300E9EF67 /* Main.storyboard */ = {
			isa = PBXVariantGroup;
			children = (
				C4CBD59F225213E300E9EF67 /* Base */,
			);
			name = Main.storyboard;
			sourceTree = "<group>";
		};
		C4CBD5A3225213E400E9EF67 /* LaunchScreen.storyboard */ = {
			isa = PBXVariantGroup;
			children = (
				C4CBD5A4225213E400E9EF67 /* Base */,
			);
			name = LaunchScreen.storyboard;
			sourceTree = "<group>";
		};
		C4CBD5B42252140F00E9EF67 /* MainInterface.storyboard */ = {
			isa = PBXVariantGroup;
			children = (
				C4CBD5B52252140F00E9EF67 /* Base */,
			);
			name = MainInterface.storyboard;
			sourceTree = "<group>";
		};
/* End PBXVariantGroup section */

/* Begin XCBuildConfiguration section */
		C4CBD5A7225213E400E9EF67 /* Debug */ = {
			isa = XCBuildConfiguration;
			buildSettings = {
				ALWAYS_SEARCH_USER_PATHS = NO;
				CLANG_ANALYZER_NONNULL = YES;
				CLANG_ANALYZER_NUMBER_OBJECT_CONVERSION = YES_AGGRESSIVE;
				CLANG_CXX_LANGUAGE_STANDARD = "gnu++14";
				CLANG_CXX_LIBRARY = "libc++";
				CLANG_ENABLE_MODULES = YES;
				CLANG_ENABLE_OBJC_ARC = YES;
				CLANG_ENABLE_OBJC_WEAK = YES;
				CLANG_WARN_BLOCK_CAPTURE_AUTORELEASING = YES;
				CLANG_WARN_BOOL_CONVERSION = YES;
				CLANG_WARN_COMMA = YES;
				CLANG_WARN_CONSTANT_CONVERSION = YES;
				CLANG_WARN_DEPRECATED_OBJC_IMPLEMENTATIONS = YES;
				CLANG_WARN_DIRECT_OBJC_ISA_USAGE = YES_ERROR;
				CLANG_WARN_DOCUMENTATION_COMMENTS = YES;
				CLANG_WARN_EMPTY_BODY = YES;
				CLANG_WARN_ENUM_CONVERSION = YES;
				CLANG_WARN_INFINITE_RECURSION = YES;
				CLANG_WARN_INT_CONVERSION = YES;
				CLANG_WARN_NON_LITERAL_NULL_CONVERSION = YES;
				CLANG_WARN_OBJC_IMPLICIT_RETAIN_SELF = YES;
				CLANG_WARN_OBJC_LITERAL_CONVERSION = YES;
				CLANG_WARN_OBJC_ROOT_CLASS = YES_ERROR;
				CLANG_WARN_RANGE_LOOP_ANALYSIS = YES;
				CLANG_WARN_STRICT_PROTOTYPES = YES;
				CLANG_WARN_SUSPICIOUS_MOVE = YES;
				CLANG_WARN_UNGUARDED_AVAILABILITY = YES_AGGRESSIVE;
				CLANG_WARN_UNREACHABLE_CODE = YES;
				CLANG_WARN__DUPLICATE_METHOD_MATCH = YES;
				CODE_SIGN_IDENTITY = "iPhone Developer";
				COPY_PHASE_STRIP = NO;
				DEBUG_INFORMATION_FORMAT = dwarf;
				ENABLE_STRICT_OBJC_MSGSEND = YES;
				ENABLE_TESTABILITY = YES;
				GCC_C_LANGUAGE_STANDARD = gnu11;
				GCC_DYNAMIC_NO_PIC = NO;
				GCC_NO_COMMON_BLOCKS = YES;
				GCC_OPTIMIZATION_LEVEL = 0;
				GCC_PREPROCESSOR_DEFINITIONS = (
					"DEBUG=1",
					"$(inherited)",
				);
				GCC_WARN_64_TO_32_BIT_CONVERSION = YES;
				GCC_WARN_ABOUT_RETURN_TYPE = YES_ERROR;
				GCC_WARN_UNDECLARED_SELECTOR = YES;
				GCC_WARN_UNINITIALIZED_AUTOS = YES_AGGRESSIVE;
				GCC_WARN_UNUSED_FUNCTION = YES;
				GCC_WARN_UNUSED_VARIABLE = YES;
				IPHONEOS_DEPLOYMENT_TARGET = 12.1;
				MTL_ENABLE_DEBUG_INFO = INCLUDE_SOURCE;
				MTL_FAST_MATH = YES;
				ONLY_ACTIVE_ARCH = YES;
				SDKROOT = iphoneos;
				SWIFT_ACTIVE_COMPILATION_CONDITIONS = DEBUG;
				SWIFT_OPTIMIZATION_LEVEL = "-Onone";
			};
			name = Debug;
		};
		C4CBD5A8225213E400E9EF67 /* Release */ = {
			isa = XCBuildConfiguration;
			buildSettings = {
				ALWAYS_SEARCH_USER_PATHS = NO;
				CLANG_ANALYZER_NONNULL = YES;
				CLANG_ANALYZER_NUMBER_OBJECT_CONVERSION = YES_AGGRESSIVE;
				CLANG_CXX_LANGUAGE_STANDARD = "gnu++14";
				CLANG_CXX_LIBRARY = "libc++";
				CLANG_ENABLE_MODULES = YES;
				CLANG_ENABLE_OBJC_ARC = YES;
				CLANG_ENABLE_OBJC_WEAK = YES;
				CLANG_WARN_BLOCK_CAPTURE_AUTORELEASING = YES;
				CLANG_WARN_BOOL_CONVERSION = YES;
				CLANG_WARN_COMMA = YES;
				CLANG_WARN_CONSTANT_CONVERSION = YES;
				CLANG_WARN_DEPRECATED_OBJC_IMPLEMENTATIONS = YES;
				CLANG_WARN_DIRECT_OBJC_ISA_USAGE = YES_ERROR;
				CLANG_WARN_DOCUMENTATION_COMMENTS = YES;
				CLANG_WARN_EMPTY_BODY = YES;
				CLANG_WARN_ENUM_CONVERSION = YES;
				CLANG_WARN_INFINITE_RECURSION = YES;
				CLANG_WARN_INT_CONVERSION = YES;
				CLANG_WARN_NON_LITERAL_NULL_CONVERSION = YES;
				CLANG_WARN_OBJC_IMPLICIT_RETAIN_SELF = YES;
				CLANG_WARN_OBJC_LITERAL_CONVERSION = YES;
				CLANG_WARN_OBJC_ROOT_CLASS = YES_ERROR;
				CLANG_WARN_RANGE_LOOP_ANALYSIS = YES;
				CLANG_WARN_STRICT_PROTOTYPES = YES;
				CLANG_WARN_SUSPICIOUS_MOVE = YES;
				CLANG_WARN_UNGUARDED_AVAILABILITY = YES_AGGRESSIVE;
				CLANG_WARN_UNREACHABLE_CODE = YES;
				CLANG_WARN__DUPLICATE_METHOD_MATCH = YES;
				CODE_SIGN_IDENTITY = "iPhone Developer";
				COPY_PHASE_STRIP = NO;
				DEBUG_INFORMATION_FORMAT = "dwarf-with-dsym";
				ENABLE_NS_ASSERTIONS = NO;
				ENABLE_STRICT_OBJC_MSGSEND = YES;
				GCC_C_LANGUAGE_STANDARD = gnu11;
				GCC_NO_COMMON_BLOCKS = YES;
				GCC_WARN_64_TO_32_BIT_CONVERSION = YES;
				GCC_WARN_ABOUT_RETURN_TYPE = YES_ERROR;
				GCC_WARN_UNDECLARED_SELECTOR = YES;
				GCC_WARN_UNINITIALIZED_AUTOS = YES_AGGRESSIVE;
				GCC_WARN_UNUSED_FUNCTION = YES;
				GCC_WARN_UNUSED_VARIABLE = YES;
				IPHONEOS_DEPLOYMENT_TARGET = 12.1;
				MTL_ENABLE_DEBUG_INFO = NO;
				MTL_FAST_MATH = YES;
				SDKROOT = iphoneos;
				SWIFT_COMPILATION_MODE = wholemodule;
				SWIFT_OPTIMIZATION_LEVEL = "-O";
				VALIDATE_PRODUCT = YES;
			};
			name = Release;
		};
		C4CBD5AA225213E400E9EF67 /* Debug */ = {
			isa = XCBuildConfiguration;
			buildSettings = {
				ALWAYS_EMBED_SWIFT_STANDARD_LIBRARIES = YES;
				ASSETCATALOG_COMPILER_APPICON_NAME = AppIcon;
				CODE_SIGN_ENTITLEMENTS = ShareApp/ShareApp.entitlements;
				CODE_SIGN_STYLE = Manual;
				DEVELOPMENT_TEAM = NR6E849CGM;
				INFOPLIST_FILE = ShareApp/Info.plist;
				IPHONEOS_DEPLOYMENT_TARGET = 11.0;
				LD_RUNPATH_SEARCH_PATHS = (
					"$(inherited)",
					"@executable_path/Frameworks",
				);
				PRODUCT_BUNDLE_IDENTIFIER = "Dominik-Rygiel.ShareApp";
				PRODUCT_NAME = "$(TARGET_NAME)";
				PROVISIONING_PROFILE_SPECIFIER = "ShareApp-Development";
				SWIFT_VERSION = 4.2;
				TARGETED_DEVICE_FAMILY = "1,2";
			};
			name = Debug;
		};
		C4CBD5AB225213E400E9EF67 /* Release */ = {
			isa = XCBuildConfiguration;
			buildSettings = {
				ALWAYS_EMBED_SWIFT_STANDARD_LIBRARIES = YES;
				ASSETCATALOG_COMPILER_APPICON_NAME = AppIcon;
				CODE_SIGN_ENTITLEMENTS = ShareApp/ShareApp.entitlements;
				CODE_SIGN_STYLE = Manual;
				DEVELOPMENT_TEAM = "";
				INFOPLIST_FILE = ShareApp/Info.plist;
				IPHONEOS_DEPLOYMENT_TARGET = 11.0;
				LD_RUNPATH_SEARCH_PATHS = (
					"$(inherited)",
					"@executable_path/Frameworks",
				);
				PRODUCT_BUNDLE_IDENTIFIER = "Dominik-Rygiel.ShareApp";
				PRODUCT_NAME = "$(TARGET_NAME)";
				PROVISIONING_PROFILE_SPECIFIER = "";
				SWIFT_VERSION = 4.2;
				TARGETED_DEVICE_FAMILY = "1,2";
			};
			name = Release;
		};
		C4CBD5BC2252140F00E9EF67 /* Debug */ = {
			isa = XCBuildConfiguration;
			buildSettings = {
				CODE_SIGN_ENTITLEMENTS = "Share-Extension/Share-Extension.entitlements";
				CODE_SIGN_STYLE = Manual;
				DEVELOPMENT_TEAM = NR6E849CGM;
				INFOPLIST_FILE = "Share-Extension/Info.plist";
				IPHONEOS_DEPLOYMENT_TARGET = 11.0;
				LD_RUNPATH_SEARCH_PATHS = (
					"$(inherited)",
					"@executable_path/Frameworks",
					"@executable_path/../../Frameworks",
				);
				PRODUCT_BUNDLE_IDENTIFIER = "Dominik-Rygiel.ShareApp.Share-Extension";
				PRODUCT_NAME = "$(TARGET_NAME)";
				PROVISIONING_PROFILE_SPECIFIER = "ShareAppShareExtension-Development";
				SKIP_INSTALL = YES;
				SWIFT_VERSION = 4.2;
				TARGETED_DEVICE_FAMILY = "1,2";
			};
			name = Debug;
		};
		C4CBD5BD2252140F00E9EF67 /* Release */ = {
			isa = XCBuildConfiguration;
			buildSettings = {
				CODE_SIGN_ENTITLEMENTS = "Share-Extension/Share-Extension.entitlements";
				CODE_SIGN_STYLE = Manual;
				DEVELOPMENT_TEAM = "";
				INFOPLIST_FILE = "Share-Extension/Info.plist";
				IPHONEOS_DEPLOYMENT_TARGET = 11.0;
				LD_RUNPATH_SEARCH_PATHS = (
					"$(inherited)",
					"@executable_path/Frameworks",
					"@executable_path/../../Frameworks",
				);
				PRODUCT_BUNDLE_IDENTIFIER = "Dominik-Rygiel.ShareApp.Share-Extension";
				PRODUCT_NAME = "$(TARGET_NAME)";
				PROVISIONING_PROFILE_SPECIFIER = "";
				SKIP_INSTALL = YES;
				SWIFT_VERSION = 4.2;
				TARGETED_DEVICE_FAMILY = "1,2";
			};
			name = Release;
		};
/* End XCBuildConfiguration section */

/* Begin XCConfigurationList section */
		C4CBD592225213E300E9EF67 /* Build configuration list for PBXProject "ShareApp" */ = {
			isa = XCConfigurationList;
			buildConfigurations = (
				C4CBD5A7225213E400E9EF67 /* Debug */,
				C4CBD5A8225213E400E9EF67 /* Release */,
			);
			defaultConfigurationIsVisible = 0;
			defaultConfigurationName = Release;
		};
		C4CBD5A9225213E400E9EF67 /* Build configuration list for PBXNativeTarget "ShareApp" */ = {
			isa = XCConfigurationList;
			buildConfigurations = (
				C4CBD5AA225213E400E9EF67 /* Debug */,
				C4CBD5AB225213E400E9EF67 /* Release */,
			);
			defaultConfigurationIsVisible = 0;
			defaultConfigurationName = Release;
		};
		C4CBD5BB2252140F00E9EF67 /* Build configuration list for PBXNativeTarget "Share-Extension" */ = {
			isa = XCConfigurationList;
			buildConfigurations = (
				C4CBD5BC2252140F00E9EF67 /* Debug */,
				C4CBD5BD2252140F00E9EF67 /* Release */,
			);
			defaultConfigurationIsVisible = 0;
			defaultConfigurationName = Release;
		};
/* End XCConfigurationList section */
	};
	rootObject = C4CBD58F225213E300E9EF67 /* Project object */;
}
